
Microsoft Visual Studio Solution File, Format Version 12.00
# Visual Studio Version 17
VisualStudioVersion = 17.10.34928.147
MinimumVisualStudioVersion = 10.0.40219.1
Project("{FAE04EC0-301F-11D3-BF4B-00C04F79EFBC}") = "API-DAMs", "API-DAMs\API-DAMs.csproj", "{7A42A549-FFB9-430B-A5F1-D2B7F0B8558C}"
EndProject
Global
	GlobalSection(SolutionConfigurationPlatforms) = preSolution
		Debug|Any CPU = Debug|Any CPU
		Release|Any CPU = Release|Any CPU
	EndGlobalSection
	GlobalSection(ProjectConfigurationPlatforms) = postSolution
		{7A42A549-FFB9-430B-A5F1-D2B7F0B8558C}.Debug|Any CPU.ActiveCfg = Debug|Any CPU
		{7A42A549-FFB9-430B-A5F1-D2B7F0B8558C}.Debug|Any CPU.Build.0 = Debug|Any CPU
		{7A42A549-FFB9-430B-A5F1-D2B7F0B8558C}.Release|Any CPU.ActiveCfg = Release|Any CPU
		{7A42A549-FFB9-430B-A5F1-D2B7F0B8558C}.Release|Any CPU.Build.0 = Release|Any CPU
	EndGlobalSection
	GlobalSection(SolutionProperties) = preSolution
		HideSolutionNode = FALSE
	EndGlobalSection
	GlobalSection(ExtensibilityGlobals) = postSolution
		SolutionGuid = {92F70E0A-084D-4B61-B646-03B1B81D15AD}
	EndGlobalSection
EndGlobal
